
Microsoft Visual Studio Solution File, Format Version 12.00
# Visual Studio Version 17
VisualStudioVersion = 17.2.32616.157
MinimumVisualStudioVersion = 10.0.40219.1
Project("{FAE04EC0-301F-11D3-BF4B-00C04F79EFBC}") = "BaseAPI CRUD", "BaseAPI CRUD\BaseAPI CRUD.csproj", "{F7D51228-7D65-41B6-B586-E9921A44C6D4}"
EndProject
Project("{FAE04EC0-301F-11D3-BF4B-00C04F79EFBC}") = "Services", "Services\Services.csproj", "{DDB3CC22-30CC-4E76-9C03-61D46CDBD653}"
EndProject
Global
	GlobalSection(SolutionConfigurationPlatforms) = preSolution
		Debug|Any CPU = Debug|Any CPU
		Release|Any CPU = Release|Any CPU
	EndGlobalSection
	GlobalSection(ProjectConfigurationPlatforms) = postSolution
		{F7D51228-7D65-41B6-B586-E9921A44C6D4}.Debug|Any CPU.ActiveCfg = Debug|Any CPU
		{F7D51228-7D65-41B6-B586-E9921A44C6D4}.Debug|Any CPU.Build.0 = Debug|Any CPU
		{F7D51228-7D65-41B6-B586-E9921A44C6D4}.Release|Any CPU.ActiveCfg = Release|Any CPU
		{F7D51228-7D65-41B6-B586-E9921A44C6D4}.Release|Any CPU.Build.0 = Release|Any CPU
		{DDB3CC22-30CC-4E76-9C03-61D46CDBD653}.Debug|Any CPU.ActiveCfg = Debug|Any CPU
		{DDB3CC22-30CC-4E76-9C03-61D46CDBD653}.Debug|Any CPU.Build.0 = Debug|Any CPU
		{DDB3CC22-30CC-4E76-9C03-61D46CDBD653}.Release|Any CPU.ActiveCfg = Release|Any CPU
		{DDB3CC22-30CC-4E76-9C03-61D46CDBD653}.Release|Any CPU.Build.0 = Release|Any CPU
	EndGlobalSection
	GlobalSection(SolutionProperties) = preSolution
		HideSolutionNode = FALSE
	EndGlobalSection
	GlobalSection(ExtensibilityGlobals) = postSolution
		SolutionGuid = {DEB63D9B-99AC-4358-AFD4-E1655E6FD461}
	EndGlobalSection
EndGlobal
